// !$*UTF8*$!
{
	archiveVersion = 1;
	classes = {
	};
	objectVersion = 46;
	objects = {

/* Begin PBXBuildFile section */
		1707B98B2121F1D100FA1E70 /* ImageToSpectrumByFFT.swift in Sources */ = {isa = PBXBuildFile; fileRef = 1707B9882121F1D100FA1E70 /* ImageToSpectrumByFFT.swift */; };
		1707B98C2121F1D100FA1E70 /* TimeAxisWaveFormPlot.swift in Sources */ = {isa = PBXBuildFile; fileRef = 1707B9892121F1D100FA1E70 /* TimeAxisWaveFormPlot.swift */; };
		1707B98D2121F1D100FA1E70 /* TimeAxisWaveFormGenerate.swift in Sources */ = {isa = PBXBuildFile; fileRef = 1707B98A2121F1D100FA1E70 /* TimeAxisWaveFormGenerate.swift */; };
		170DED62212C94D5004BF4AE /* Bresenham+Segments.swift in Sources */ = {isa = PBXBuildFile; fileRef = 170DED61212C94D4004BF4AE /* Bresenham+Segments.swift */; };
		170DED64212C9967004BF4AE /* FAST+segments.swift in Sources */ = {isa = PBXBuildFile; fileRef = 170DED63212C9967004BF4AE /* FAST+segments.swift */; };
		170DED6C212C9A64004BF4AE /* ConsolePrint.swift in Sources */ = {isa = PBXBuildFile; fileRef = 170DED66212C9A63004BF4AE /* ConsolePrint.swift */; };
		170DED6D212C9A64004BF4AE /* CMKView+Mouse.swift in Sources */ = {isa = PBXBuildFile; fileRef = 170DED67212C9A63004BF4AE /* CMKView+Mouse.swift */; };
		170DED6E212C9A64004BF4AE /* NSPoint.swift in Sources */ = {isa = PBXBuildFile; fileRef = 170DED68212C9A63004BF4AE /* NSPoint.swift */; };
		170DED6F212C9A64004BF4AE /* Int.swift in Sources */ = {isa = PBXBuildFile; fileRef = 170DED69212C9A63004BF4AE /* Int.swift */; };
		170DED70212C9A64004BF4AE /* CGPoint+Hashable.swift in Sources */ = {isa = PBXBuildFile; fileRef = 170DED6A212C9A63004BF4AE /* CGPoint+Hashable.swift */; };
		170DED71212C9A64004BF4AE /* CGPoint+Extension.swift in Sources */ = {isa = PBXBuildFile; fileRef = 170DED6B212C9A63004BF4AE /* CGPoint+Extension.swift */; };
		174FEB0D212DE550004EA830 /* Image+LBP.swift in Sources */ = {isa = PBXBuildFile; fileRef = 174FEB0C212DE550004EA830 /* Image+LBP.swift */; };
		174FEB14212F4E12004EA830 /* CMKMouseTrackDelegate.swift in Sources */ = {isa = PBXBuildFile; fileRef = 174FEB0F212F4E12004EA830 /* CMKMouseTrackDelegate.swift */; };
		174FEB15212F4E12004EA830 /* CMKWindowController.swift in Sources */ = {isa = PBXBuildFile; fileRef = 174FEB10212F4E12004EA830 /* CMKWindowController.swift */; };
		174FEB16212F4E12004EA830 /* CMKWindow.swift in Sources */ = {isa = PBXBuildFile; fileRef = 174FEB11212F4E12004EA830 /* CMKWindow.swift */; };
		174FEB17212F4E12004EA830 /* AppDelegate.swift in Sources */ = {isa = PBXBuildFile; fileRef = 174FEB12212F4E12004EA830 /* AppDelegate.swift */; };
		174FEB18212F4E12004EA830 /* CMKView.swift in Sources */ = {isa = PBXBuildFile; fileRef = 174FEB13212F4E12004EA830 /* CMKView.swift */; };
		174FEB1C212F4E8E004EA830 /* CMKViewController.swift in Sources */ = {isa = PBXBuildFile; fileRef = 174FEB1B212F4E8E004EA830 /* CMKViewController.swift */; };
		176E2943213F12A7000156B7 /* Gzip.framework in Frameworks */ = {isa = PBXBuildFile; fileRef = 176E2932213F129E000156B7 /* Gzip.framework */; };
		176E2958213F140C000156B7 /* OutputLayer.swift in Sources */ = {isa = PBXBuildFile; fileRef = 176E2946213F140C000156B7 /* OutputLayer.swift */; };
		176E295A213F140C000156B7 /* Test.swift in Sources */ = {isa = PBXBuildFile; fileRef = 176E2948213F140C000156B7 /* Test.swift */; };
		176E295D213F140C000156B7 /* NoiseDataset.swift in Sources */ = {isa = PBXBuildFile; fileRef = 176E294B213F140C000156B7 /* NoiseDataset.swift */; };
		176E295E213F140C000156B7 /* Network.swift in Sources */ = {isa = PBXBuildFile; fileRef = 176E294C213F140C000156B7 /* Network.swift */; };
		176E295F213F140C000156B7 /* learnMethods.swift in Sources */ = {isa = PBXBuildFile; fileRef = 176E294D213F140C000156B7 /* learnMethods.swift */; };
		176E2960213F140C000156B7 /* Mnist.swift in Sources */ = {isa = PBXBuildFile; fileRef = 176E294E213F140C000156B7 /* Mnist.swift */; };
		176E2962213F140C000156B7 /* HiddenLayer.swift in Sources */ = {isa = PBXBuildFile; fileRef = 176E2950213F140C000156B7 /* HiddenLayer.swift */; };
		176E2963213F140C000156B7 /* HiddenLayer3.swift in Sources */ = {isa = PBXBuildFile; fileRef = 176E2951213F140C000156B7 /* HiddenLayer3.swift */; };
		176E2965213F140C000156B7 /* Utils.swift in Sources */ = {isa = PBXBuildFile; fileRef = 176E2953213F140C000156B7 /* Utils.swift */; };
		176E2966213F140C000156B7 /* MNISTManager.swift in Sources */ = {isa = PBXBuildFile; fileRef = 176E2954213F140C000156B7 /* MNISTManager.swift */; };
		176E2968213F140C000156B7 /* HiddenLayer2.swift in Sources */ = {isa = PBXBuildFile; fileRef = 176E2956213F140C000156B7 /* HiddenLayer2.swift */; };
		17D20334212F619E00D92039 /* CMKViewController+Net.swift in Sources */ = {isa = PBXBuildFile; fileRef = 174FEB19212F4E31004EA830 /* CMKViewController+Net.swift */; };
		17D601E3213EFD0500EA53F9 /* EasyImagy.framework in Frameworks */ = {isa = PBXBuildFile; fileRef = 17D601E1213EFD0400EA53F9 /* EasyImagy.framework */; };
		17D60286213F031D00EA53F9 /* Surge.framework in Frameworks */ = {isa = PBXBuildFile; fileRef = 17D6027B213F030C00EA53F9 /* Surge.framework */; };
		17D6EDCC2118CB4B00F18F2B /* download.png in Resources */ = {isa = PBXBuildFile; fileRef = 17D6EDCB2118CB4B00F18F2B /* download.png */; };
		17D6EDCE2118DAD700F18F2B /* FAST.swift in Sources */ = {isa = PBXBuildFile; fileRef = 17D6EDCD2118DAD700F18F2B /* FAST.swift */; };
		17EC48F1211A180600B32AE0 /* fast_1.png in Resources */ = {isa = PBXBuildFile; fileRef = 17EC48F0211A180600B32AE0 /* fast_1.png */; };
		832A051B1F2C180D00189151 /* Bresenham.swift in Sources */ = {isa = PBXBuildFile; fileRef = 832A051A1F2C180D00189151 /* Bresenham.swift */; };
		DBFC82901E7C016D00A86F74 /* Assets.xcassets in Resources */ = {isa = PBXBuildFile; fileRef = DBFC828F1E7C016D00A86F74 /* Assets.xcassets */; };
		DBFC82931E7C016D00A86F74 /* Main.storyboard in Resources */ = {isa = PBXBuildFile; fileRef = DBFC82911E7C016D00A86F74 /* Main.storyboard */; };
/* End PBXBuildFile section */

/* Begin PBXContainerItemProxy section */
		176E2931213F129E000156B7 /* PBXContainerItemProxy */ = {
			isa = PBXContainerItemProxy;
			containerPortal = 176E2927213F129D000156B7 /* Gzip.xcodeproj */;
			proxyType = 2;
			remoteGlobalIDString = 2AE050881D4A2C070040E4C9;
			remoteInfo = "Gzip macOS";
		};
		176E2933213F129E000156B7 /* PBXContainerItemProxy */ = {
			isa = PBXContainerItemProxy;
			containerPortal = 176E2927213F129D000156B7 /* Gzip.xcodeproj */;
			proxyType = 2;
			remoteGlobalIDString = 2AE050991D4A2DC30040E4C9;
			remoteInfo = "Gzip iOS";
		};
		176E2935213F129E000156B7 /* PBXContainerItemProxy */ = {
			isa = PBXContainerItemProxy;
			containerPortal = 176E2927213F129D000156B7 /* Gzip.xcodeproj */;
			proxyType = 2;
			remoteGlobalIDString = 2A321EE71D4A6138002B0245;
			remoteInfo = "Gzip watchOS";
		};
		176E2937213F129E000156B7 /* PBXContainerItemProxy */ = {
			isa = PBXContainerItemProxy;
			containerPortal = 176E2927213F129D000156B7 /* Gzip.xcodeproj */;
			proxyType = 2;
			remoteGlobalIDString = 2A321F071D4A635F002B0245;
			remoteInfo = "Gzip tvOS";
		};
		176E2939213F129E000156B7 /* PBXContainerItemProxy */ = {
			isa = PBXContainerItemProxy;
			containerPortal = 176E2927213F129D000156B7 /* Gzip.xcodeproj */;
			proxyType = 2;
			remoteGlobalIDString = 2A58A7571B00F414005FBBC2;
			remoteInfo = "Tests macOS";
		};
		176E293B213F129E000156B7 /* PBXContainerItemProxy */ = {
			isa = PBXContainerItemProxy;
			containerPortal = 176E2927213F129D000156B7 /* Gzip.xcodeproj */;
			proxyType = 2;
			remoteGlobalIDString = 2A58A77D1B00FBEF005FBBC2;
			remoteInfo = "Tests iOS";
		};
		17D60276213F030C00EA53F9 /* PBXContainerItemProxy */ = {
			isa = PBXContainerItemProxy;
			containerPortal = 17D6026C213F030B00EA53F9 /* Surge.xcodeproj */;
			proxyType = 2;
			remoteGlobalIDString = F8A1E1AA19917A79009735E2;
			remoteInfo = "Surge-iOS";
		};
		17D60278213F030C00EA53F9 /* PBXContainerItemProxy */ = {
			isa = PBXContainerItemProxy;
			containerPortal = 17D6026C213F030B00EA53F9 /* Surge.xcodeproj */;
			proxyType = 2;
			remoteGlobalIDString = F84A6AAE19A9A72F007B53E1;
			remoteInfo = "SurgeTests-iOS";
		};
		17D6027A213F030C00EA53F9 /* PBXContainerItemProxy */ = {
			isa = PBXContainerItemProxy;
			containerPortal = 17D6026C213F030B00EA53F9 /* Surge.xcodeproj */;
			proxyType = 2;
			remoteGlobalIDString = 614AD31F1FC0AD99002BFE1C;
			remoteInfo = "Surge-macOS";
		};
		17D6027C213F030C00EA53F9 /* PBXContainerItemProxy */ = {
			isa = PBXContainerItemProxy;
			containerPortal = 17D6026C213F030B00EA53F9 /* Surge.xcodeproj */;
			proxyType = 2;
			remoteGlobalIDString = 614AD3271FC0AD99002BFE1C;
			remoteInfo = "SurgeTests-macOS";
		};
		17D6027E213F030C00EA53F9 /* PBXContainerItemProxy */ = {
			isa = PBXContainerItemProxy;
			containerPortal = 17D6026C213F030B00EA53F9 /* Surge.xcodeproj */;
			proxyType = 2;
			remoteGlobalIDString = 614AD3511FC0B001002BFE1C;
			remoteInfo = "Surge-tvOS";
		};
		17D60280213F030C00EA53F9 /* PBXContainerItemProxy */ = {
			isa = PBXContainerItemProxy;
			containerPortal = 17D6026C213F030B00EA53F9 /* Surge.xcodeproj */;
			proxyType = 2;
			remoteGlobalIDString = 614AD3591FC0B001002BFE1C;
			remoteInfo = "SurgeTests-tvOS";
		};
		17D60282213F030C00EA53F9 /* PBXContainerItemProxy */ = {
			isa = PBXContainerItemProxy;
			containerPortal = 17D6026C213F030B00EA53F9 /* Surge.xcodeproj */;
			proxyType = 2;
			remoteGlobalIDString = 614AD3821FC0B125002BFE1C;
			remoteInfo = "Surge-watchOS";
		};
		17D60284213F031400EA53F9 /* PBXContainerItemProxy */ = {
			isa = PBXContainerItemProxy;
			containerPortal = 17D6026C213F030B00EA53F9 /* Surge.xcodeproj */;
			proxyType = 1;
			remoteGlobalIDString = 614AD31E1FC0AD99002BFE1C;
			remoteInfo = "Surge-macOS";
		};
/* End PBXContainerItemProxy section */

/* Begin PBXCopyFilesBuildPhase section */
		1707B9962121F21A00FA1E70 /* Embed Frameworks */ = {
			isa = PBXCopyFilesBuildPhase;
			buildActionMask = 2147483647;
			dstPath = "";
			dstSubfolderSpec = 10;
			files = (
			);
			name = "Embed Frameworks";
			runOnlyForDeploymentPostprocessing = 0;
		};
/* End PBXCopyFilesBuildPhase section */

/* Begin PBXFileReference section */
		1707B9882121F1D100FA1E70 /* ImageToSpectrumByFFT.swift */ = {isa = PBXFileReference; fileEncoding = 4; lastKnownFileType = sourcecode.swift; path = ImageToSpectrumByFFT.swift; sourceTree = "<group>"; };
		1707B9892121F1D100FA1E70 /* TimeAxisWaveFormPlot.swift */ = {isa = PBXFileReference; fileEncoding = 4; lastKnownFileType = sourcecode.swift; path = TimeAxisWaveFormPlot.swift; sourceTree = "<group>"; };
		1707B98A2121F1D100FA1E70 /* TimeAxisWaveFormGenerate.swift */ = {isa = PBXFileReference; fileEncoding = 4; lastKnownFileType = sourcecode.swift; path = TimeAxisWaveFormGenerate.swift; sourceTree = "<group>"; };
		170DED61212C94D4004BF4AE /* Bresenham+Segments.swift */ = {isa = PBXFileReference; fileEncoding = 4; lastKnownFileType = sourcecode.swift; path = "Bresenham+Segments.swift"; sourceTree = "<group>"; };
		170DED63212C9967004BF4AE /* FAST+segments.swift */ = {isa = PBXFileReference; fileEncoding = 4; lastKnownFileType = sourcecode.swift; path = "FAST+segments.swift"; sourceTree = "<group>"; };
		170DED66212C9A63004BF4AE /* ConsolePrint.swift */ = {isa = PBXFileReference; fileEncoding = 4; lastKnownFileType = sourcecode.swift; path = ConsolePrint.swift; sourceTree = "<group>"; };
		170DED67212C9A63004BF4AE /* CMKView+Mouse.swift */ = {isa = PBXFileReference; fileEncoding = 4; lastKnownFileType = sourcecode.swift; path = "CMKView+Mouse.swift"; sourceTree = "<group>"; };
		170DED68212C9A63004BF4AE /* NSPoint.swift */ = {isa = PBXFileReference; fileEncoding = 4; lastKnownFileType = sourcecode.swift; path = NSPoint.swift; sourceTree = "<group>"; };
		170DED69212C9A63004BF4AE /* Int.swift */ = {isa = PBXFileReference; fileEncoding = 4; lastKnownFileType = sourcecode.swift; path = Int.swift; sourceTree = "<group>"; };
		170DED6A212C9A63004BF4AE /* CGPoint+Hashable.swift */ = {isa = PBXFileReference; fileEncoding = 4; lastKnownFileType = sourcecode.swift; path = "CGPoint+Hashable.swift"; sourceTree = "<group>"; };
		170DED6B212C9A63004BF4AE /* CGPoint+Extension.swift */ = {isa = PBXFileReference; fileEncoding = 4; lastKnownFileType = sourcecode.swift; path = "CGPoint+Extension.swift"; sourceTree = "<group>"; };
		174FEB0C212DE550004EA830 /* Image+LBP.swift */ = {isa = PBXFileReference; fileEncoding = 4; lastKnownFileType = sourcecode.swift; path = "Image+LBP.swift"; sourceTree = "<group>"; };
		174FEB0F212F4E12004EA830 /* CMKMouseTrackDelegate.swift */ = {isa = PBXFileReference; fileEncoding = 4; lastKnownFileType = sourcecode.swift; path = CMKMouseTrackDelegate.swift; sourceTree = "<group>"; };
		174FEB10212F4E12004EA830 /* CMKWindowController.swift */ = {isa = PBXFileReference; fileEncoding = 4; lastKnownFileType = sourcecode.swift; path = CMKWindowController.swift; sourceTree = "<group>"; };
		174FEB11212F4E12004EA830 /* CMKWindow.swift */ = {isa = PBXFileReference; fileEncoding = 4; lastKnownFileType = sourcecode.swift; path = CMKWindow.swift; sourceTree = "<group>"; };
		174FEB12212F4E12004EA830 /* AppDelegate.swift */ = {isa = PBXFileReference; fileEncoding = 4; lastKnownFileType = sourcecode.swift; path = AppDelegate.swift; sourceTree = "<group>"; };
		174FEB13212F4E12004EA830 /* CMKView.swift */ = {isa = PBXFileReference; fileEncoding = 4; lastKnownFileType = sourcecode.swift; path = CMKView.swift; sourceTree = "<group>"; };
		174FEB19212F4E31004EA830 /* CMKViewController+Net.swift */ = {isa = PBXFileReference; fileEncoding = 4; lastKnownFileType = sourcecode.swift; path = "CMKViewController+Net.swift"; sourceTree = "<group>"; };
		174FEB1B212F4E8E004EA830 /* CMKViewController.swift */ = {isa = PBXFileReference; fileEncoding = 4; lastKnownFileType = sourcecode.swift; path = CMKViewController.swift; sourceTree = "<group>"; };
		176E2927213F129D000156B7 /* Gzip.xcodeproj */ = {isa = PBXFileReference; lastKnownFileType = "wrapper.pb-project"; name = Gzip.xcodeproj; path = Carthage/Checkouts/GzipSwift/Gzip.xcodeproj; sourceTree = "<group>"; };
		176E2946213F140C000156B7 /* OutputLayer.swift */ = {isa = PBXFileReference; fileEncoding = 4; lastKnownFileType = sourcecode.swift; path = OutputLayer.swift; sourceTree = "<group>"; };
		176E2948213F140C000156B7 /* Test.swift */ = {isa = PBXFileReference; fileEncoding = 4; lastKnownFileType = sourcecode.swift; path = Test.swift; sourceTree = "<group>"; };
		176E294B213F140C000156B7 /* NoiseDataset.swift */ = {isa = PBXFileReference; fileEncoding = 4; lastKnownFileType = sourcecode.swift; path = NoiseDataset.swift; sourceTree = "<group>"; };
		176E294C213F140C000156B7 /* Network.swift */ = {isa = PBXFileReference; fileEncoding = 4; lastKnownFileType = sourcecode.swift; path = Network.swift; sourceTree = "<group>"; };
		176E294D213F140C000156B7 /* learnMethods.swift */ = {isa = PBXFileReference; fileEncoding = 4; lastKnownFileType = sourcecode.swift; path = learnMethods.swift; sourceTree = "<group>"; };
		176E294E213F140C000156B7 /* Mnist.swift */ = {isa = PBXFileReference; fileEncoding = 4; lastKnownFileType = sourcecode.swift; path = Mnist.swift; sourceTree = "<group>"; };
		176E2950213F140C000156B7 /* HiddenLayer.swift */ = {isa = PBXFileReference; fileEncoding = 4; lastKnownFileType = sourcecode.swift; path = HiddenLayer.swift; sourceTree = "<group>"; };
		176E2951213F140C000156B7 /* HiddenLayer3.swift */ = {isa = PBXFileReference; fileEncoding = 4; lastKnownFileType = sourcecode.swift; path = HiddenLayer3.swift; sourceTree = "<group>"; };
		176E2953213F140C000156B7 /* Utils.swift */ = {isa = PBXFileReference; fileEncoding = 4; lastKnownFileType = sourcecode.swift; path = Utils.swift; sourceTree = "<group>"; };
		176E2954213F140C000156B7 /* MNISTManager.swift */ = {isa = PBXFileReference; fileEncoding = 4; lastKnownFileType = sourcecode.swift; path = MNISTManager.swift; sourceTree = "<group>"; };
		176E2956213F140C000156B7 /* HiddenLayer2.swift */ = {isa = PBXFileReference; fileEncoding = 4; lastKnownFileType = sourcecode.swift; path = HiddenLayer2.swift; sourceTree = "<group>"; };
		17D601E1213EFD0400EA53F9 /* EasyImagy.framework */ = {isa = PBXFileReference; lastKnownFileType = wrapper.framework; name = EasyImagy.framework; path = Carthage/Build/Mac/EasyImagy.framework; sourceTree = "<group>"; };
		17D6026C213F030B00EA53F9 /* Surge.xcodeproj */ = {isa = PBXFileReference; lastKnownFileType = "wrapper.pb-project"; name = Surge.xcodeproj; path = Carthage/Checkouts/Surge/Surge.xcodeproj; sourceTree = "<group>"; };
		17D6EDCB2118CB4B00F18F2B /* download.png */ = {isa = PBXFileReference; lastKnownFileType = image.png; name = download.png; path = "Bresenham-Line/download.png"; sourceTree = "<group>"; };
		17D6EDCD2118DAD700F18F2B /* FAST.swift */ = {isa = PBXFileReference; lastKnownFileType = sourcecode.swift; path = FAST.swift; sourceTree = "<group>"; };
		17EC48F0211A180600B32AE0 /* fast_1.png */ = {isa = PBXFileReference; lastKnownFileType = image.png; name = fast_1.png; path = "Bresenham-Line/fast_1.png"; sourceTree = "<group>"; };
		832A051A1F2C180D00189151 /* Bresenham.swift */ = {isa = PBXFileReference; lastKnownFileType = sourcecode.swift; path = Bresenham.swift; sourceTree = "<group>"; };
		DBFC82881E7C016D00A86F74 /* Bresenham-Line.app */ = {isa = PBXFileReference; explicitFileType = wrapper.application; includeInIndex = 0; path = "Bresenham-Line.app"; sourceTree = BUILT_PRODUCTS_DIR; };
		DBFC828F1E7C016D00A86F74 /* Assets.xcassets */ = {isa = PBXFileReference; lastKnownFileType = folder.assetcatalog; path = Assets.xcassets; sourceTree = "<group>"; };
		DBFC82921E7C016D00A86F74 /* Base */ = {isa = PBXFileReference; lastKnownFileType = file.storyboard; name = Base; path = Base.lproj/Main.storyboard; sourceTree = "<group>"; };
		DBFC82941E7C016D00A86F74 /* Info.plist */ = {isa = PBXFileReference; lastKnownFileType = text.plist.xml; path = Info.plist; sourceTree = "<group>"; };
/* End PBXFileReference section */

/* Begin PBXFrameworksBuildPhase section */
		DBFC82851E7C016D00A86F74 /* Frameworks */ = {
			isa = PBXFrameworksBuildPhase;
			buildActionMask = 2147483647;
			files = (
				176E2943213F12A7000156B7 /* Gzip.framework in Frameworks */,
				17D60286213F031D00EA53F9 /* Surge.framework in Frameworks */,
				17D601E3213EFD0500EA53F9 /* EasyImagy.framework in Frameworks */,
			);
			runOnlyForDeploymentPostprocessing = 0;
		};
/* End PBXFrameworksBuildPhase section */

/* Begin PBXGroup section */
		1707B9872121F1D100FA1E70 /* DFFT */ = {
			isa = PBXGroup;
			children = (
				1707B9882121F1D100FA1E70 /* ImageToSpectrumByFFT.swift */,
				1707B9892121F1D100FA1E70 /* TimeAxisWaveFormPlot.swift */,
				1707B98A2121F1D100FA1E70 /* TimeAxisWaveFormGenerate.swift */,
			);
			path = DFFT;
			sourceTree = "<group>";
		};
		170DED65212C9A63004BF4AE /* Extension */ = {
			isa = PBXGroup;
			children = (
				174FEB0C212DE550004EA830 /* Image+LBP.swift */,
				170DED66212C9A63004BF4AE /* ConsolePrint.swift */,
				170DED67212C9A63004BF4AE /* CMKView+Mouse.swift */,
				170DED68212C9A63004BF4AE /* NSPoint.swift */,
				170DED69212C9A63004BF4AE /* Int.swift */,
				170DED6A212C9A63004BF4AE /* CGPoint+Hashable.swift */,
				170DED6B212C9A63004BF4AE /* CGPoint+Extension.swift */,
			);
			path = Extension;
			sourceTree = "<group>";
		};
		174FEB0E212F4E12004EA830 /* Application */ = {
			isa = PBXGroup;
			children = (
				174FEB12212F4E12004EA830 /* AppDelegate.swift */,
				174FEB0F212F4E12004EA830 /* CMKMouseTrackDelegate.swift */,
				174FEB13212F4E12004EA830 /* CMKView.swift */,
				174FEB11212F4E12004EA830 /* CMKWindow.swift */,
				174FEB10212F4E12004EA830 /* CMKWindowController.swift */,
				174FEB1B212F4E8E004EA830 /* CMKViewController.swift */,
			);
			path = Application;
			sourceTree = "<group>";
		};
		176E2928213F129D000156B7 /* Products */ = {
			isa = PBXGroup;
			children = (
				176E2932213F129E000156B7 /* Gzip.framework */,
				176E2934213F129E000156B7 /* Gzip.framework */,
				176E2936213F129E000156B7 /* Gzip.framework */,
				176E2938213F129E000156B7 /* Gzip.framework */,
				176E293A213F129E000156B7 /* Tests macOS.xctest */,
				176E293C213F129E000156B7 /* Tests iOS.xctest */,
			);
			name = Products;
			sourceTree = "<group>";
		};
		176E2944213F140C000156B7 /* Seconn */ = {
			isa = PBXGroup;
			children = (
				176E2950213F140C000156B7 /* HiddenLayer.swift */,
				176E2956213F140C000156B7 /* HiddenLayer2.swift */,
				176E2951213F140C000156B7 /* HiddenLayer3.swift */,
				176E294D213F140C000156B7 /* learnMethods.swift */,
				176E294E213F140C000156B7 /* Mnist.swift */,
				176E2954213F140C000156B7 /* MNISTManager.swift */,
				176E294C213F140C000156B7 /* Network.swift */,
				176E294B213F140C000156B7 /* NoiseDataset.swift */,
				176E2946213F140C000156B7 /* OutputLayer.swift */,
				176E2948213F140C000156B7 /* Test.swift */,
				176E2953213F140C000156B7 /* Utils.swift */,
			);
			path = Seconn;
			sourceTree = "<group>";
		};
		17D6026D213F030B00EA53F9 /* Products */ = {
			isa = PBXGroup;
			children = (
				17D60277213F030C00EA53F9 /* Surge.framework */,
				17D60279213F030C00EA53F9 /* SurgeTests-iOS.xctest */,
				17D6027B213F030C00EA53F9 /* Surge.framework */,
				17D6027D213F030C00EA53F9 /* SurgeTests-macOS.xctest */,
				17D6027F213F030C00EA53F9 /* Surge.framework */,
				17D60281213F030C00EA53F9 /* SurgeTests-tvOS.xctest */,
				17D60283213F030C00EA53F9 /* Surge.framework */,
			);
			name = Products;
			sourceTree = "<group>";
		};
		17EC4911211B6B3C00B32AE0 /* Frameworks */ = {
			isa = PBXGroup;
			children = (
			);
			name = Frameworks;
			sourceTree = "<group>";
		};
		DBFC827F1E7C016D00A86F74 = {
			isa = PBXGroup;
			children = (
				176E2927213F129D000156B7 /* Gzip.xcodeproj */,
				17D6026C213F030B00EA53F9 /* Surge.xcodeproj */,
				17D601E1213EFD0400EA53F9 /* EasyImagy.framework */,
				17EC48F0211A180600B32AE0 /* fast_1.png */,
				17D6EDCB2118CB4B00F18F2B /* download.png */,
				DBFC828A1E7C016D00A86F74 /* Bresenham-Line */,
				DBFC82891E7C016D00A86F74 /* Products */,
				17EC4911211B6B3C00B32AE0 /* Frameworks */,
			);
			sourceTree = "<group>";
		};
		DBFC82891E7C016D00A86F74 /* Products */ = {
			isa = PBXGroup;
			children = (
				DBFC82881E7C016D00A86F74 /* Bresenham-Line.app */,
			);
			name = Products;
			sourceTree = "<group>";
		};
		DBFC828A1E7C016D00A86F74 /* Bresenham-Line */ = {
			isa = PBXGroup;
			children = (
				176E2944213F140C000156B7 /* Seconn */,
				174FEB0E212F4E12004EA830 /* Application */,
				170DED65212C9A63004BF4AE /* Extension */,
				1707B9872121F1D100FA1E70 /* DFFT */,
				832A051A1F2C180D00189151 /* Bresenham.swift */,
				170DED61212C94D4004BF4AE /* Bresenham+Segments.swift */,
				174FEB19212F4E31004EA830 /* CMKViewController+Net.swift */,
				17D6EDCD2118DAD700F18F2B /* FAST.swift */,
				170DED63212C9967004BF4AE /* FAST+segments.swift */,
				DBFC82911E7C016D00A86F74 /* Main.storyboard */,
				DBFC829E1E7C04EC00A86F74 /* Supporting Files */,
			);
			path = "Bresenham-Line";
			sourceTree = "<group>";
		};
		DBFC829E1E7C04EC00A86F74 /* Supporting Files */ = {
			isa = PBXGroup;
			children = (
				DBFC828F1E7C016D00A86F74 /* Assets.xcassets */,
				DBFC82941E7C016D00A86F74 /* Info.plist */,
			);
			name = "Supporting Files";
			sourceTree = "<group>";
		};
/* End PBXGroup section */

/* Begin PBXNativeTarget section */
		DBFC82871E7C016D00A86F74 /* Bresenham-Line */ = {
			isa = PBXNativeTarget;
			buildConfigurationList = DBFC82971E7C016D00A86F74 /* Build configuration list for PBXNativeTarget "Bresenham-Line" */;
			buildPhases = (
				DBFC82841E7C016D00A86F74 /* Sources */,
				DBFC82851E7C016D00A86F74 /* Frameworks */,
				DBFC82861E7C016D00A86F74 /* Resources */,
				1707B9962121F21A00FA1E70 /* Embed Frameworks */,
			);
			buildRules = (
			);
			dependencies = (
				17D60285213F031400EA53F9 /* PBXTargetDependency */,
			);
			name = "Bresenham-Line";
			productName = "Bresenham-Line";
			productReference = DBFC82881E7C016D00A86F74 /* Bresenham-Line.app */;
			productType = "com.apple.product-type.application";
		};
/* End PBXNativeTarget section */

/* Begin PBXProject section */
		DBFC82801E7C016D00A86F74 /* Project object */ = {
			isa = PBXProject;
			attributes = {
				LastSwiftUpdateCheck = 0820;
				LastUpgradeCheck = 0820;
				ORGANIZATIONNAME = "Cirno MainasuK";
				TargetAttributes = {
					DBFC82871E7C016D00A86F74 = {
						CreatedOnToolsVersion = 8.2.1;
						DevelopmentTeam = 2X74DFZB4P;
						ProvisioningStyle = Automatic;
					};
				};
			};
			buildConfigurationList = DBFC82831E7C016D00A86F74 /* Build configuration list for PBXProject "Bresenham-Line" */;
			compatibilityVersion = "Xcode 3.2";
			developmentRegion = English;
			hasScannedForEncodings = 0;
			knownRegions = (
				en,
				Base,
			);
			mainGroup = DBFC827F1E7C016D00A86F74;
			productRefGroup = DBFC82891E7C016D00A86F74 /* Products */;
			projectDirPath = "";
			projectReferences = (
				{
					ProductGroup = 176E2928213F129D000156B7 /* Products */;
					ProjectRef = 176E2927213F129D000156B7 /* Gzip.xcodeproj */;
				},
				{
					ProductGroup = 17D6026D213F030B00EA53F9 /* Products */;
					ProjectRef = 17D6026C213F030B00EA53F9 /* Surge.xcodeproj */;
				},
			);
			projectRoot = "";
			targets = (
				DBFC82871E7C016D00A86F74 /* Bresenham-Line */,
			);
		};
/* End PBXProject section */

/* Begin PBXReferenceProxy section */
		176E2932213F129E000156B7 /* Gzip.framework */ = {
			isa = PBXReferenceProxy;
			fileType = wrapper.framework;
			path = Gzip.framework;
			remoteRef = 176E2931213F129E000156B7 /* PBXContainerItemProxy */;
			sourceTree = BUILT_PRODUCTS_DIR;
		};
		176E2934213F129E000156B7 /* Gzip.framework */ = {
			isa = PBXReferenceProxy;
			fileType = wrapper.framework;
			path = Gzip.framework;
			remoteRef = 176E2933213F129E000156B7 /* PBXContainerItemProxy */;
			sourceTree = BUILT_PRODUCTS_DIR;
		};
		176E2936213F129E000156B7 /* Gzip.framework */ = {
			isa = PBXReferenceProxy;
			fileType = wrapper.framework;
			path = Gzip.framework;
			remoteRef = 176E2935213F129E000156B7 /* PBXContainerItemProxy */;
			sourceTree = BUILT_PRODUCTS_DIR;
		};
		176E2938213F129E000156B7 /* Gzip.framework */ = {
			isa = PBXReferenceProxy;
			fileType = wrapper.framework;
			path = Gzip.framework;
			remoteRef = 176E2937213F129E000156B7 /* PBXContainerItemProxy */;
			sourceTree = BUILT_PRODUCTS_DIR;
		};
		176E293A213F129E000156B7 /* Tests macOS.xctest */ = {
			isa = PBXReferenceProxy;
			fileType = wrapper.cfbundle;
			path = "Tests macOS.xctest";
			remoteRef = 176E2939213F129E000156B7 /* PBXContainerItemProxy */;
			sourceTree = BUILT_PRODUCTS_DIR;
		};
		176E293C213F129E000156B7 /* Tests iOS.xctest */ = {
			isa = PBXReferenceProxy;
			fileType = wrapper.cfbundle;
			path = "Tests iOS.xctest";
			remoteRef = 176E293B213F129E000156B7 /* PBXContainerItemProxy */;
			sourceTree = BUILT_PRODUCTS_DIR;
		};
		17D60277213F030C00EA53F9 /* Surge.framework */ = {
			isa = PBXReferenceProxy;
			fileType = wrapper.framework;
			path = Surge.framework;
			remoteRef = 17D60276213F030C00EA53F9 /* PBXContainerItemProxy */;
			sourceTree = BUILT_PRODUCTS_DIR;
		};
		17D60279213F030C00EA53F9 /* SurgeTests-iOS.xctest */ = {
			isa = PBXReferenceProxy;
			fileType = wrapper.cfbundle;
			path = "SurgeTests-iOS.xctest";
			remoteRef = 17D60278213F030C00EA53F9 /* PBXContainerItemProxy */;
			sourceTree = BUILT_PRODUCTS_DIR;
		};
		17D6027B213F030C00EA53F9 /* Surge.framework */ = {
			isa = PBXReferenceProxy;
			fileType = wrapper.framework;
			path = Surge.framework;
			remoteRef = 17D6027A213F030C00EA53F9 /* PBXContainerItemProxy */;
			sourceTree = BUILT_PRODUCTS_DIR;
		};
		17D6027D213F030C00EA53F9 /* SurgeTests-macOS.xctest */ = {
			isa = PBXReferenceProxy;
			fileType = wrapper.cfbundle;
			path = "SurgeTests-macOS.xctest";
			remoteRef = 17D6027C213F030C00EA53F9 /* PBXContainerItemProxy */;
			sourceTree = BUILT_PRODUCTS_DIR;
		};
		17D6027F213F030C00EA53F9 /* Surge.framework */ = {
			isa = PBXReferenceProxy;
			fileType = wrapper.framework;
			path = Surge.framework;
			remoteRef = 17D6027E213F030C00EA53F9 /* PBXContainerItemProxy */;
			sourceTree = BUILT_PRODUCTS_DIR;
		};
		17D60281213F030C00EA53F9 /* SurgeTests-tvOS.xctest */ = {
			isa = PBXReferenceProxy;
			fileType = wrapper.cfbundle;
			path = "SurgeTests-tvOS.xctest";
			remoteRef = 17D60280213F030C00EA53F9 /* PBXContainerItemProxy */;
			sourceTree = BUILT_PRODUCTS_DIR;
		};
		17D60283213F030C00EA53F9 /* Surge.framework */ = {
			isa = PBXReferenceProxy;
			fileType = wrapper.framework;
			path = Surge.framework;
			remoteRef = 17D60282213F030C00EA53F9 /* PBXContainerItemProxy */;
			sourceTree = BUILT_PRODUCTS_DIR;
		};
/* End PBXReferenceProxy section */

/* Begin PBXResourcesBuildPhase section */
		DBFC82861E7C016D00A86F74 /* Resources */ = {
			isa = PBXResourcesBuildPhase;
			buildActionMask = 2147483647;
			files = (
				DBFC82901E7C016D00A86F74 /* Assets.xcassets in Resources */,
				DBFC82931E7C016D00A86F74 /* Main.storyboard in Resources */,
				17D6EDCC2118CB4B00F18F2B /* download.png in Resources */,
				17EC48F1211A180600B32AE0 /* fast_1.png in Resources */,
			);
			runOnlyForDeploymentPostprocessing = 0;
		};
/* End PBXResourcesBuildPhase section */

/* Begin PBXSourcesBuildPhase section */
		DBFC82841E7C016D00A86F74 /* Sources */ = {
			isa = PBXSourcesBuildPhase;
			buildActionMask = 2147483647;
			files = (
				174FEB17212F4E12004EA830 /* AppDelegate.swift in Sources */,
				170DED62212C94D5004BF4AE /* Bresenham+Segments.swift in Sources */,
				174FEB1C212F4E8E004EA830 /* CMKViewController.swift in Sources */,
				176E2960213F140C000156B7 /* Mnist.swift in Sources */,
				176E295E213F140C000156B7 /* Network.swift in Sources */,
				17D20334212F619E00D92039 /* CMKViewController+Net.swift in Sources */,
				176E295F213F140C000156B7 /* learnMethods.swift in Sources */,
				1707B98C2121F1D100FA1E70 /* TimeAxisWaveFormPlot.swift in Sources */,
				176E2963213F140C000156B7 /* HiddenLayer3.swift in Sources */,
				170DED6D212C9A64004BF4AE /* CMKView+Mouse.swift in Sources */,
				176E2965213F140C000156B7 /* Utils.swift in Sources */,
				170DED6C212C9A64004BF4AE /* ConsolePrint.swift in Sources */,
				174FEB14212F4E12004EA830 /* CMKMouseTrackDelegate.swift in Sources */,
				176E2966213F140C000156B7 /* MNISTManager.swift in Sources */,
				176E295D213F140C000156B7 /* NoiseDataset.swift in Sources */,
				176E2962213F140C000156B7 /* HiddenLayer.swift in Sources */,
				174FEB0D212DE550004EA830 /* Image+LBP.swift in Sources */,
				1707B98B2121F1D100FA1E70 /* ImageToSpectrumByFFT.swift in Sources */,
				174FEB15212F4E12004EA830 /* CMKWindowController.swift in Sources */,
				170DED64212C9967004BF4AE /* FAST+segments.swift in Sources */,
				176E2958213F140C000156B7 /* OutputLayer.swift in Sources */,
				832A051B1F2C180D00189151 /* Bresenham.swift in Sources */,
				17D6EDCE2118DAD700F18F2B /* FAST.swift in Sources */,
				170DED70212C9A64004BF4AE /* CGPoint+Hashable.swift in Sources */,
				174FEB18212F4E12004EA830 /* CMKView.swift in Sources */,
				170DED71212C9A64004BF4AE /* CGPoint+Extension.swift in Sources */,
				170DED6E212C9A64004BF4AE /* NSPoint.swift in Sources */,
				170DED6F212C9A64004BF4AE /* Int.swift in Sources */,
				176E295A213F140C000156B7 /* Test.swift in Sources */,
				174FEB16212F4E12004EA830 /* CMKWindow.swift in Sources */,
				176E2968213F140C000156B7 /* HiddenLayer2.swift in Sources */,
				1707B98D2121F1D100FA1E70 /* TimeAxisWaveFormGenerate.swift in Sources */,
			);
			runOnlyForDeploymentPostprocessing = 0;
		};
/* End PBXSourcesBuildPhase section */

/* Begin PBXTargetDependency section */
		17D60285213F031400EA53F9 /* PBXTargetDependency */ = {
			isa = PBXTargetDependency;
			name = "Surge-macOS";
			targetProxy = 17D60284213F031400EA53F9 /* PBXContainerItemProxy */;
		};
/* End PBXTargetDependency section */

/* Begin PBXVariantGroup section */
		DBFC82911E7C016D00A86F74 /* Main.storyboard */ = {
			isa = PBXVariantGroup;
			children = (
				DBFC82921E7C016D00A86F74 /* Base */,
			);
			name = Main.storyboard;
			sourceTree = "<group>";
		};
/* End PBXVariantGroup section */

/* Begin XCBuildConfiguration section */
		DBFC82951E7C016D00A86F74 /* Debug */ = {
			isa = XCBuildConfiguration;
			buildSettings = {
				ALWAYS_SEARCH_USER_PATHS = NO;
				CLANG_ANALYZER_NONNULL = YES;
				CLANG_CXX_LANGUAGE_STANDARD = "gnu++0x";
				CLANG_CXX_LIBRARY = "libc++";
				CLANG_ENABLE_MODULES = YES;
				CLANG_ENABLE_OBJC_ARC = YES;
				CLANG_WARN_BOOL_CONVERSION = YES;
				CLANG_WARN_CONSTANT_CONVERSION = YES;
				CLANG_WARN_DIRECT_OBJC_ISA_USAGE = YES_ERROR;
				CLANG_WARN_DOCUMENTATION_COMMENTS = YES;
				CLANG_WARN_EMPTY_BODY = YES;
				CLANG_WARN_ENUM_CONVERSION = YES;
				CLANG_WARN_INFINITE_RECURSION = YES;
				CLANG_WARN_INT_CONVERSION = YES;
				CLANG_WARN_OBJC_ROOT_CLASS = YES_ERROR;
				CLANG_WARN_SUSPICIOUS_MOVE = YES;
				CLANG_WARN_UNREACHABLE_CODE = YES;
				CLANG_WARN__DUPLICATE_METHOD_MATCH = YES;
				CODE_SIGN_IDENTITY = "-";
				COPY_PHASE_STRIP = NO;
				DEBUG_INFORMATION_FORMAT = dwarf;
				ENABLE_STRICT_OBJC_MSGSEND = YES;
				ENABLE_TESTABILITY = YES;
				GCC_C_LANGUAGE_STANDARD = gnu99;
				GCC_DYNAMIC_NO_PIC = NO;
				GCC_NO_COMMON_BLOCKS = YES;
				GCC_OPTIMIZATION_LEVEL = 0;
				GCC_PREPROCESSOR_DEFINITIONS = (
					"DEBUG=1",
					"$(inherited)",
				);
				GCC_WARN_64_TO_32_BIT_CONVERSION = YES;
				GCC_WARN_ABOUT_RETURN_TYPE = YES_ERROR;
				GCC_WARN_UNDECLARED_SELECTOR = YES;
				GCC_WARN_UNINITIALIZED_AUTOS = YES_AGGRESSIVE;
				GCC_WARN_UNUSED_FUNCTION = YES;
				GCC_WARN_UNUSED_VARIABLE = YES;
				MACOSX_DEPLOYMENT_TARGET = 10.12;
				MTL_ENABLE_DEBUG_INFO = YES;
				ONLY_ACTIVE_ARCH = YES;
				SDKROOT = macosx;
				SWIFT_ACTIVE_COMPILATION_CONDITIONS = DEBUG;
				SWIFT_OPTIMIZATION_LEVEL = "-Onone";
			};
			name = Debug;
		};
		DBFC82961E7C016D00A86F74 /* Release */ = {
			isa = XCBuildConfiguration;
			buildSettings = {
				ALWAYS_SEARCH_USER_PATHS = NO;
				CLANG_ANALYZER_NONNULL = YES;
				CLANG_CXX_LANGUAGE_STANDARD = "gnu++0x";
				CLANG_CXX_LIBRARY = "libc++";
				CLANG_ENABLE_MODULES = YES;
				CLANG_ENABLE_OBJC_ARC = YES;
				CLANG_WARN_BOOL_CONVERSION = YES;
				CLANG_WARN_CONSTANT_CONVERSION = YES;
				CLANG_WARN_DIRECT_OBJC_ISA_USAGE = YES_ERROR;
				CLANG_WARN_DOCUMENTATION_COMMENTS = YES;
				CLANG_WARN_EMPTY_BODY = YES;
				CLANG_WARN_ENUM_CONVERSION = YES;
				CLANG_WARN_INFINITE_RECURSION = YES;
				CLANG_WARN_INT_CONVERSION = YES;
				CLANG_WARN_OBJC_ROOT_CLASS = YES_ERROR;
				CLANG_WARN_SUSPICIOUS_MOVE = YES;
				CLANG_WARN_UNREACHABLE_CODE = YES;
				CLANG_WARN__DUPLICATE_METHOD_MATCH = YES;
				CODE_SIGN_IDENTITY = "-";
				COPY_PHASE_STRIP = NO;
				DEBUG_INFORMATION_FORMAT = "dwarf-with-dsym";
				ENABLE_NS_ASSERTIONS = NO;
				ENABLE_STRICT_OBJC_MSGSEND = YES;
				GCC_C_LANGUAGE_STANDARD = gnu99;
				GCC_NO_COMMON_BLOCKS = YES;
				GCC_WARN_64_TO_32_BIT_CONVERSION = YES;
				GCC_WARN_ABOUT_RETURN_TYPE = YES_ERROR;
				GCC_WARN_UNDECLARED_SELECTOR = YES;
				GCC_WARN_UNINITIALIZED_AUTOS = YES_AGGRESSIVE;
				GCC_WARN_UNUSED_FUNCTION = YES;
				GCC_WARN_UNUSED_VARIABLE = YES;
				MACOSX_DEPLOYMENT_TARGET = 10.12;
				MTL_ENABLE_DEBUG_INFO = NO;
				SDKROOT = macosx;
				SWIFT_OPTIMIZATION_LEVEL = "-Owholemodule";
			};
			name = Release;
		};
		DBFC82981E7C016D00A86F74 /* Debug */ = {
			isa = XCBuildConfiguration;
			buildSettings = {
				ASSETCATALOG_COMPILER_APPICON_NAME = AppIcon;
				CODE_SIGN_IDENTITY = "Mac Developer";
				COMBINE_HIDPI_IMAGES = YES;
				DEVELOPMENT_TEAM = 2X74DFZB4P;
				FRAMEWORK_SEARCH_PATHS = (
					"$(inherited)",
					"$(PROJECT_DIR)/Carthage/Build/Mac",
				);
				INFOPLIST_FILE = "Bresenham-Line/Info.plist";
				LD_RUNPATH_SEARCH_PATHS = "$(inherited) @executable_path/../Frameworks";
				PRODUCT_BUNDLE_IDENTIFIER = "com.mainasuk.Bresenham-Line2";
				PRODUCT_NAME = "$(TARGET_NAME)";
				SWIFT_VERSION = 3.0;
			};
			name = Debug;
		};
		DBFC82991E7C016D00A86F74 /* Release */ = {
			isa = XCBuildConfiguration;
			buildSettings = {
				ASSETCATALOG_COMPILER_APPICON_NAME = AppIcon;
				CODE_SIGN_IDENTITY = "Mac Developer";
				COMBINE_HIDPI_IMAGES = YES;
				DEVELOPMENT_TEAM = 2X74DFZB4P;
				FRAMEWORK_SEARCH_PATHS = (
					"$(inherited)",
					"$(PROJECT_DIR)/Carthage/Build/Mac",
				);
				INFOPLIST_FILE = "Bresenham-Line/Info.plist";
				LD_RUNPATH_SEARCH_PATHS = "$(inherited) @executable_path/../Frameworks";
				PRODUCT_BUNDLE_IDENTIFIER = "com.mainasuk.Bresenham-Line2";
				PRODUCT_NAME = "$(TARGET_NAME)";
				SWIFT_VERSION = 3.0;
			};
			name = Release;
		};
/* End XCBuildConfiguration section */

/* Begin XCConfigurationList section */
		DBFC82831E7C016D00A86F74 /* Build configuration list for PBXProject "Bresenham-Line" */ = {
			isa = XCConfigurationList;
			buildConfigurations = (
				DBFC82951E7C016D00A86F74 /* Debug */,
				DBFC82961E7C016D00A86F74 /* Release */,
			);
			defaultConfigurationIsVisible = 0;
			defaultConfigurationName = Release;
		};
		DBFC82971E7C016D00A86F74 /* Build configuration list for PBXNativeTarget "Bresenham-Line" */ = {
			isa = XCConfigurationList;
			buildConfigurations = (
				DBFC82981E7C016D00A86F74 /* Debug */,
				DBFC82991E7C016D00A86F74 /* Release */,
			);
			defaultConfigurationIsVisible = 0;
			defaultConfigurationName = Release;
		};
/* End XCConfigurationList section */
	};
	rootObject = DBFC82801E7C016D00A86F74 /* Project object */;
}
